
Microsoft Visual Studio Solution File, Format Version 12.00
# Visual Studio Version 17
VisualStudioVersion = 17.8.34330.188
MinimumVisualStudioVersion = 10.0.40219.1
Project("{FAE04EC0-301F-11D3-BF4B-00C04F79EFBC}") = "TradeCompanyV2", "TradeCompanyV2\TradeCompanyV2.csproj", "{A5BC9209-30F1-4196-9A97-597A436A8BF5}"
EndProject
Global
	GlobalSection(SolutionConfigurationPlatforms) = preSolution
		Debug|Any CPU = Debug|Any CPU
		Release|Any CPU = Release|Any CPU
	EndGlobalSection
	GlobalSection(ProjectConfigurationPlatforms) = postSolution
		{A5BC9209-30F1-4196-9A97-597A436A8BF5}.Debug|Any CPU.ActiveCfg = Debug|Any CPU
		{A5BC9209-30F1-4196-9A97-597A436A8BF5}.Debug|Any CPU.Build.0 = Debug|Any CPU
		{A5BC9209-30F1-4196-9A97-597A436A8BF5}.Release|Any CPU.ActiveCfg = Release|Any CPU
		{A5BC9209-30F1-4196-9A97-597A436A8BF5}.Release|Any CPU.Build.0 = Release|Any CPU
	EndGlobalSection
	GlobalSection(SolutionProperties) = preSolution
		HideSolutionNode = FALSE
	EndGlobalSection
	GlobalSection(ExtensibilityGlobals) = postSolution
		SolutionGuid = {F65820E8-C3E7-49A5-9E58-1B98DCAF3A11}
	EndGlobalSection
EndGlobal
